<?xml version="1.0" encoding="utf-8"?>
<Project ToolsVersion="4.0" xmlns="http://schemas.microsoft.com/developer/msbuild/2003">
  <ItemGroup>
    <Filter Include="Исходные файлы">
      <UniqueIdentifier>{4FC737F1-C7A5-4376-A066-2A32D752A2FF}</UniqueIdentifier>
      <Extensions>cpp;c;cc;cxx;c++;cppm;ixx;def;odl;idl;hpj;bat;asm;asmx</Extensions>
    </Filter>
    <Filter Include="Файлы заголовков">
      <UniqueIdentifier>{93995380-89BD-4b04-88EB-625FBE52EBFB}</UniqueIdentifier>
      <Extensions>h;hh;hpp;hxx;h++;hm;inl;inc;ipp;xsd</Extensions>
    </Filter>
    <Filter Include="Файлы ресурсов">
      <UniqueIdentifier>{67DA6AB6-F800-4c08-8B7A-83BB121AAD01}</UniqueIdentifier>
      <Extensions>rc;ico;cur;bmp;dlg;rc2;rct;bin;rgs;gif;jpg;jpeg;jpe;resx;tiff;tif;png;wav;mfcribbon-ms</Extensions>
    </Filter>
    <Filter Include="Vehicle">
      <UniqueIdentifier>{c8c89c6f-61a2-449b-9934-b814619b4920}</UniqueIdentifier>
    </Filter>
    <Filter Include="Utils">
      <UniqueIdentifier>{aa25f5ad-250b-46df-a13d-c400f7f4f85a}</UniqueIdentifier>
    </Filter>
  </ItemGroup>
  <ItemGroup>
    <ClCompile Include="vehicle.cpp">
      <Filter>Vehicle</Filter>
    </ClCompile>
    <ClCompile Include="check_utils.cpp">
      <Filter>Utils</Filter>
    </ClCompile>
    <ClCompile Include="naming_utils.cpp">
      <Filter>Utils</Filter>
    </ClCompile>
    <ClCompile Include="print_utils.cpp">
      <Filter>Utils</Filter>
    </ClCompile>
    <ClCompile Include="race_engine.cpp">
      <Filter>Utils</Filter>
    </ClCompile>
    <ClCompile Include="read_utils.cpp">
      <Filter>Utils</Filter>
    </ClCompile>
  </ItemGroup>
  <ItemGroup>
    <ClInclude Include="vehicle.h">
      <Filter>Vehicle</Filter>
    </ClInclude>
    <ClInclude Include="check_utils.h">
      <Filter>Utils</Filter>
    </ClInclude>
    <ClInclude Include="naming_utils.h">
      <Filter>Utils</Filter>
    </ClInclude>
    <ClInclude Include="print_utils.h">
      <Filter>Utils</Filter>
    </ClInclude>
    <ClInclude Include="race_engine.h">
      <Filter>Utils</Filter>
    </ClInclude>
    <ClInclude Include="read_utils.h">
      <Filter>Utils</Filter>
    </ClInclude>
  </ItemGroup>
</Project>